github.com/ink-splatters/security-compat v0.0.0-20251227193237-7c7bcb061886 h1:j4r5G33RvS7B3udjtiAIsW3XpwiaeVscxDJI+7BKseI=
github.com/ink-splatters/security-compat v0.0.0-20251227193237-7c7bcb061886/go.mod h1:vEfoCNlCnSpfVQJboPoxCVpXgjUPziVsnxpENojoHY4=
github.com/ink-splatters/security-compat v0.0.1 h1:qAawNWmr854UEMcGysOC4jTRf2PMBoi/ZxfZn+S+MB0=
github.com/ink-splatters/security-compat v0.0.1/go.mod h1:vEfoCNlCnSpfVQJboPoxCVpXgjUPziVsnxpENojoHY4=
